# This file is generated by running "yarn install" inside your project.
# Manual changes might be lost - proceed with caution!

__metadata:
  version: 5
  cacheKey: 8

"prettier@npm:~2.6.0":
  version: 2.6.0
  resolution: "prettier@npm:2.6.0"
  bin:
    prettier: bin-prettier.js
  checksum: 3e527ad62279676778a8404d18174d7ca2365ada4caba6eebbcdd9907d1187afd3bc6ade5b4e5f5d4549bb9fb71e45ca8930d71500017635524f8fc05bc52e93
  languageName: node
  linkType: hard

"root-workspace-0b6124@workspace:.":
  version: 0.0.0-use.local
  resolution: "root-workspace-0b6124@workspace:."
  dependencies:
    prettier: ~2.6.0
  languageName: unknown
  linkType: soft
